
Microsoft Visual Studio Solution File, Format Version 12.00
# Visual Studio Version 16
VisualStudioVersion = 16.0.30907.101
MinimumVisualStudioVersion = 10.0.40219.1
Project("{FAE04EC0-301F-11D3-BF4B-00C04F79EFBC}") = "SwaggerApi", "SwaggerApi.csproj", "{CA3082C4-B567-47A6-BE4F-43CF60B57D6E}"
EndProject
Global
	GlobalSection(SolutionConfigurationPlatforms) = preSolution
		Debug|Any CPU = Debug|Any CPU
		Release|Any CPU = Release|Any CPU
	EndGlobalSection
	GlobalSection(ProjectConfigurationPlatforms) = postSolution
		{CA3082C4-B567-47A6-BE4F-43CF60B57D6E}.Debug|Any CPU.ActiveCfg = Debug|Any CPU
		{CA3082C4-B567-47A6-BE4F-43CF60B57D6E}.Debug|Any CPU.Build.0 = Debug|Any CPU
		{CA3082C4-B567-47A6-BE4F-43CF60B57D6E}.Release|Any CPU.ActiveCfg = Release|Any CPU
		{CA3082C4-B567-47A6-BE4F-43CF60B57D6E}.Release|Any CPU.Build.0 = Release|Any CPU
	EndGlobalSection
	GlobalSection(SolutionProperties) = preSolution
		HideSolutionNode = FALSE
	EndGlobalSection
	GlobalSection(ExtensibilityGlobals) = postSolution
		SolutionGuid = {03F3E1ED-8F3A-4675-850C-CEC3FC0BED6C}
	EndGlobalSection
EndGlobal
